
Microsoft Visual Studio Solution File, Format Version 12.00
# Visual Studio Version 16
VisualStudioVersion = 16.0.29709.97
MinimumVisualStudioVersion = 10.0.40219.1
Project("{FAE04EC0-301F-11D3-BF4B-00C04F79EFBC}") = "HelloWorld", "HelloWorld.csproj", "{08115E23-390E-41C5-9E8F-B1473953968C}"
EndProject
Global
	GlobalSection(SolutionConfigurationPlatforms) = preSolution
		Debug|Any CPU = Debug|Any CPU
		Release|Any CPU = Release|Any CPU
	EndGlobalSection
	GlobalSection(ProjectConfigurationPlatforms) = postSolution
		{08115E23-390E-41C5-9E8F-B1473953968C}.Debug|Any CPU.ActiveCfg = Debug|Any CPU
		{08115E23-390E-41C5-9E8F-B1473953968C}.Debug|Any CPU.Build.0 = Debug|Any CPU
		{08115E23-390E-41C5-9E8F-B1473953968C}.Release|Any CPU.ActiveCfg = Release|Any CPU
		{08115E23-390E-41C5-9E8F-B1473953968C}.Release|Any CPU.Build.0 = Release|Any CPU
	EndGlobalSection
	GlobalSection(SolutionProperties) = preSolution
		HideSolutionNode = FALSE
	EndGlobalSection
	GlobalSection(ExtensibilityGlobals) = postSolution
		SolutionGuid = {41B8FC44-5339-4E1D-8640-40D690F20FD4}
	EndGlobalSection
EndGlobal
